
Microsoft Visual Studio Solution File, Format Version 12.00
# Visual Studio 14
VisualStudioVersion = 14.0.24720.0
MinimumVisualStudioVersion = 10.0.40219.1
Project("{FAE04EC0-301F-11D3-BF4B-00C04F79EFBC}") = "RLMyFitnessApp", "RLMyFitnessApp\RLMyFitnessApp.csproj", "{7071AD77-1809-4DAB-89BF-1B26FF6CC9A1}"
EndProject
Global
	GlobalSection(SolutionConfigurationPlatforms) = preSolution
		Debug|Any CPU = Debug|Any CPU
		Release|Any CPU = Release|Any CPU
	EndGlobalSection
	GlobalSection(ProjectConfigurationPlatforms) = postSolution
		{7071AD77-1809-4DAB-89BF-1B26FF6CC9A1}.Debug|Any CPU.ActiveCfg = Debug|Any CPU
		{7071AD77-1809-4DAB-89BF-1B26FF6CC9A1}.Debug|Any CPU.Build.0 = Debug|Any CPU
		{7071AD77-1809-4DAB-89BF-1B26FF6CC9A1}.Release|Any CPU.ActiveCfg = Release|Any CPU
		{7071AD77-1809-4DAB-89BF-1B26FF6CC9A1}.Release|Any CPU.Build.0 = Release|Any CPU
	EndGlobalSection
	GlobalSection(SolutionProperties) = preSolution
		HideSolutionNode = FALSE
	EndGlobalSection
EndGlobal
